
Microsoft Visual Studio Solution File, Format Version 12.00
# Visual Studio Version 17
VisualStudioVersion = 17.14.36202.13 d17.14
MinimumVisualStudioVersion = 10.0.40219.1
Project("{FAE04EC0-301F-11D3-BF4B-00C04F79EFBC}") = "RunasCs", "RunasCs.csproj", "{B3EB9BB3-E88A-49C6-899C-41810611794D}"
EndProject
Global
	GlobalSection(SolutionConfigurationPlatforms) = preSolution
		Debug|Any CPU = Debug|Any CPU
		Release|Any CPU = Release|Any CPU
	EndGlobalSection
	GlobalSection(ProjectConfigurationPlatforms) = postSolution
		{B3EB9BB3-E88A-49C6-899C-41810611794D}.Debug|Any CPU.ActiveCfg = Debug|Any CPU
		{B3EB9BB3-E88A-49C6-899C-41810611794D}.Debug|Any CPU.Build.0 = Debug|Any CPU
		{B3EB9BB3-E88A-49C6-899C-41810611794D}.Release|Any CPU.ActiveCfg = Release|Any CPU
		{B3EB9BB3-E88A-49C6-899C-41810611794D}.Release|Any CPU.Build.0 = Release|Any CPU
	EndGlobalSection
	GlobalSection(SolutionProperties) = preSolution
		HideSolutionNode = FALSE
	EndGlobalSection
	GlobalSection(ExtensibilityGlobals) = postSolution
		SolutionGuid = {1E3DBD3C-5199-4FC5-A2E1-8A66D6BC2BB5}
	EndGlobalSection
EndGlobal
